// !$*UTF8*$!
{
	archiveVersion = 1;
	classes = {
	};
	objectVersion = 56;
	objects = {

/* Begin PBXBuildFile section */
		356245B02AD76500005FB5C7 /* AppDelegate.swift in Sources */ = {isa = PBXBuildFile; fileRef = 356245AF2AD76500005FB5C7 /* AppDelegate.swift */; };
		356245B22AD76500005FB5C7 /* SceneDelegate.swift in Sources */ = {isa = PBXBuildFile; fileRef = 356245B12AD76500005FB5C7 /* SceneDelegate.swift */; };
		356245B52AD76500005FB5C7 /* LaunchScreen.storyboard in Resources */ = {isa = PBXBuildFile; fileRef = 356245B32AD76500005FB5C7 /* LaunchScreen.storyboard */; };
		356245B82AD76500005FB5C7 /* Main.storyboard in Resources */ = {isa = PBXBuildFile; fileRef = 356245B62AD76500005FB5C7 /* Main.storyboard */; };
		356245C12AD76500005FB5C7 /* AppDelegate.swift in Sources */ = {isa = PBXBuildFile; fileRef = 356245C02AD76500005FB5C7 /* AppDelegate.swift */; };
		356245C42AD76500005FB5C7 /* Main.storyboard in Resources */ = {isa = PBXBuildFile; fileRef = 356245C22AD76500005FB5C7 /* Main.storyboard */; };
		356245CC2AD76500005FB5C7 /* Always active Window - Always Visible Extension.appex in Embed Foundation Extensions */ = {isa = PBXBuildFile; fileRef = 356245CB2AD76500005FB5C7 /* Always active Window - Always Visible Extension.appex */; settings = {ATTRIBUTES = (RemoveHeadersOnCopy, ); }; };
		356245D62AD76500005FB5C7 /* Always active Window - Always Visible Extension.appex in Embed Foundation Extensions */ = {isa = PBXBuildFile; fileRef = 356245D52AD76500005FB5C7 /* Always active Window - Always Visible Extension.appex */; settings = {ATTRIBUTES = (RemoveHeadersOnCopy, ); }; };
		356245DC2AD76500005FB5C7 /* Main.html in Resources */ = {isa = PBXBuildFile; fileRef = 3562459F2AD764FF005FB5C7 /* Main.html */; };
		356245DD2AD76500005FB5C7 /* Main.html in Resources */ = {isa = PBXBuildFile; fileRef = 3562459F2AD764FF005FB5C7 /* Main.html */; };
		356245DE2AD76500005FB5C7 /* Icon.png in Resources */ = {isa = PBXBuildFile; fileRef = 356245A12AD764FF005FB5C7 /* Icon.png */; };
		356245DF2AD76500005FB5C7 /* Icon.png in Resources */ = {isa = PBXBuildFile; fileRef = 356245A12AD764FF005FB5C7 /* Icon.png */; };
		356245E02AD76500005FB5C7 /* Style.css in Resources */ = {isa = PBXBuildFile; fileRef = 356245A22AD764FF005FB5C7 /* Style.css */; };
		356245E12AD76500005FB5C7 /* Style.css in Resources */ = {isa = PBXBuildFile; fileRef = 356245A22AD764FF005FB5C7 /* Style.css */; };
		356245E22AD76500005FB5C7 /* Script.js in Resources */ = {isa = PBXBuildFile; fileRef = 356245A32AD764FF005FB5C7 /* Script.js */; };
		356245E32AD76500005FB5C7 /* Script.js in Resources */ = {isa = PBXBuildFile; fileRef = 356245A32AD764FF005FB5C7 /* Script.js */; };
		356245E42AD76500005FB5C7 /* ViewController.swift in Sources */ = {isa = PBXBuildFile; fileRef = 356245A42AD764FF005FB5C7 /* ViewController.swift */; };
		356245E52AD76500005FB5C7 /* ViewController.swift in Sources */ = {isa = PBXBuildFile; fileRef = 356245A42AD764FF005FB5C7 /* ViewController.swift */; };
		356245E62AD76500005FB5C7 /* Assets.xcassets in Resources */ = {isa = PBXBuildFile; fileRef = 356245A52AD76500005FB5C7 /* Assets.xcassets */; };
		356245E72AD76500005FB5C7 /* Assets.xcassets in Resources */ = {isa = PBXBuildFile; fileRef = 356245A52AD76500005FB5C7 /* Assets.xcassets */; };
		356245E82AD76500005FB5C7 /* SafariWebExtensionHandler.swift in Sources */ = {isa = PBXBuildFile; fileRef = 356245A72AD76500005FB5C7 /* SafariWebExtensionHandler.swift */; };
		356245E92AD76500005FB5C7 /* SafariWebExtensionHandler.swift in Sources */ = {isa = PBXBuildFile; fileRef = 356245A72AD76500005FB5C7 /* SafariWebExtensionHandler.swift */; };
		356245FF2AD76500005FB5C7 /* background.js in Resources */ = {isa = PBXBuildFile; fileRef = 356245FB2AD76500005FB5C7 /* background.js */; };
		356246002AD76500005FB5C7 /* META-INF in Resources */ = {isa = PBXBuildFile; fileRef = 356245FC2AD76500005FB5C7 /* META-INF */; };
		356246012AD76500005FB5C7 /* manifest.json in Resources */ = {isa = PBXBuildFile; fileRef = 356245FD2AD76500005FB5C7 /* manifest.json */; };
		356246022AD76500005FB5C7 /* data in Resources */ = {isa = PBXBuildFile; fileRef = 356245FE2AD76500005FB5C7 /* data */; };
		356246032AD76500005FB5C7 /* background.js in Resources */ = {isa = PBXBuildFile; fileRef = 356245FB2AD76500005FB5C7 /* background.js */; };
		356246042AD76500005FB5C7 /* META-INF in Resources */ = {isa = PBXBuildFile; fileRef = 356245FC2AD76500005FB5C7 /* META-INF */; };
		356246052AD76500005FB5C7 /* manifest.json in Resources */ = {isa = PBXBuildFile; fileRef = 356245FD2AD76500005FB5C7 /* manifest.json */; };
		356246062AD76500005FB5C7 /* data in Resources */ = {isa = PBXBuildFile; fileRef = 356245FE2AD76500005FB5C7 /* data */; };
/* End PBXBuildFile section */

/* Begin PBXContainerItemProxy section */
		356245CD2AD76500005FB5C7 /* PBXContainerItemProxy */ = {
			isa = PBXContainerItemProxy;
			containerPortal = 356245992AD764FF005FB5C7 /* Project object */;
			proxyType = 1;
			remoteGlobalIDString = 356245CA2AD76500005FB5C7;
			remoteInfo = "Always active Window - Always Visible Extension (iOS)";
		};
		356245D72AD76500005FB5C7 /* PBXContainerItemProxy */ = {
			isa = PBXContainerItemProxy;
			containerPortal = 356245992AD764FF005FB5C7 /* Project object */;
			proxyType = 1;
			remoteGlobalIDString = 356245D42AD76500005FB5C7;
			remoteInfo = "Always active Window - Always Visible Extension (macOS)";
		};
/* End PBXContainerItemProxy section */

/* Begin PBXCopyFilesBuildPhase section */
		356245EF2AD76500005FB5C7 /* Embed Foundation Extensions */ = {
			isa = PBXCopyFilesBuildPhase;
			buildActionMask = 2147483647;
			dstPath = "";
			dstSubfolderSpec = 13;
			files = (
				356245CC2AD76500005FB5C7 /* Always active Window - Always Visible Extension.appex in Embed Foundation Extensions */,
			);
			name = "Embed Foundation Extensions";
			runOnlyForDeploymentPostprocessing = 0;
		};
		356245F62AD76500005FB5C7 /* Embed Foundation Extensions */ = {
			isa = PBXCopyFilesBuildPhase;
			buildActionMask = 2147483647;
			dstPath = "";
			dstSubfolderSpec = 13;
			files = (
				356245D62AD76500005FB5C7 /* Always active Window - Always Visible Extension.appex in Embed Foundation Extensions */,
			);
			name = "Embed Foundation Extensions";
			runOnlyForDeploymentPostprocessing = 0;
		};
/* End PBXCopyFilesBuildPhase section */

/* Begin PBXFileReference section */
		356245A02AD764FF005FB5C7 /* Base */ = {isa = PBXFileReference; lastKnownFileType = text.html; name = Base; path = ../Base.lproj/Main.html; sourceTree = "<group>"; };
		356245A12AD764FF005FB5C7 /* Icon.png */ = {isa = PBXFileReference; lastKnownFileType = image.png; path = Icon.png; sourceTree = "<group>"; };
		356245A22AD764FF005FB5C7 /* Style.css */ = {isa = PBXFileReference; lastKnownFileType = text.css; path = Style.css; sourceTree = "<group>"; };
		356245A32AD764FF005FB5C7 /* Script.js */ = {isa = PBXFileReference; lastKnownFileType = sourcecode.javascript; path = Script.js; sourceTree = "<group>"; };
		356245A42AD764FF005FB5C7 /* ViewController.swift */ = {isa = PBXFileReference; lastKnownFileType = sourcecode.swift; path = ViewController.swift; sourceTree = "<group>"; };
		356245A52AD76500005FB5C7 /* Assets.xcassets */ = {isa = PBXFileReference; lastKnownFileType = folder.assetcatalog; path = Assets.xcassets; sourceTree = "<group>"; };
		356245A72AD76500005FB5C7 /* SafariWebExtensionHandler.swift */ = {isa = PBXFileReference; lastKnownFileType = sourcecode.swift; path = SafariWebExtensionHandler.swift; sourceTree = "<group>"; };
		356245AC2AD76500005FB5C7 /* Always active Window - Always Visible.app */ = {isa = PBXFileReference; explicitFileType = wrapper.application; includeInIndex = 0; path = "Always active Window - Always Visible.app"; sourceTree = BUILT_PRODUCTS_DIR; };
		356245AF2AD76500005FB5C7 /* AppDelegate.swift */ = {isa = PBXFileReference; lastKnownFileType = sourcecode.swift; path = AppDelegate.swift; sourceTree = "<group>"; };
		356245B12AD76500005FB5C7 /* SceneDelegate.swift */ = {isa = PBXFileReference; lastKnownFileType = sourcecode.swift; path = SceneDelegate.swift; sourceTree = "<group>"; };
		356245B42AD76500005FB5C7 /* Base */ = {isa = PBXFileReference; lastKnownFileType = file.storyboard; name = Base; path = Base.lproj/LaunchScreen.storyboard; sourceTree = "<group>"; };
		356245B72AD76500005FB5C7 /* Base */ = {isa = PBXFileReference; lastKnownFileType = file.storyboard; name = Base; path = Base.lproj/Main.storyboard; sourceTree = "<group>"; };
		356245B92AD76500005FB5C7 /* Info.plist */ = {isa = PBXFileReference; lastKnownFileType = text.plist.xml; path = Info.plist; sourceTree = "<group>"; };
		356245BE2AD76500005FB5C7 /* Always active Window - Always Visible.app */ = {isa = PBXFileReference; explicitFileType = wrapper.application; includeInIndex = 0; path = "Always active Window - Always Visible.app"; sourceTree = BUILT_PRODUCTS_DIR; };
		356245C02AD76500005FB5C7 /* AppDelegate.swift */ = {isa = PBXFileReference; lastKnownFileType = sourcecode.swift; path = AppDelegate.swift; sourceTree = "<group>"; };
		356245C32AD76500005FB5C7 /* Base */ = {isa = PBXFileReference; lastKnownFileType = file.storyboard; name = Base; path = Base.lproj/Main.storyboard; sourceTree = "<group>"; };
		356245C52AD76500005FB5C7 /* Info.plist */ = {isa = PBXFileReference; lastKnownFileType = text.plist.xml; path = Info.plist; sourceTree = "<group>"; };
		356245C62AD76500005FB5C7 /* Always active Window - Always Visible.entitlements */ = {isa = PBXFileReference; lastKnownFileType = text.plist.entitlements; path = "Always active Window - Always Visible.entitlements"; sourceTree = "<group>"; };
		356245CB2AD76500005FB5C7 /* Always active Window - Always Visible Extension.appex */ = {isa = PBXFileReference; explicitFileType = "wrapper.app-extension"; includeInIndex = 0; path = "Always active Window - Always Visible Extension.appex"; sourceTree = BUILT_PRODUCTS_DIR; };
		356245D02AD76500005FB5C7 /* Info.plist */ = {isa = PBXFileReference; lastKnownFileType = text.plist.xml; path = Info.plist; sourceTree = "<group>"; };
		356245D52AD76500005FB5C7 /* Always active Window - Always Visible Extension.appex */ = {isa = PBXFileReference; explicitFileType = "wrapper.app-extension"; includeInIndex = 0; path = "Always active Window - Always Visible Extension.appex"; sourceTree = BUILT_PRODUCTS_DIR; };
		356245DA2AD76500005FB5C7 /* Info.plist */ = {isa = PBXFileReference; lastKnownFileType = text.plist.xml; path = Info.plist; sourceTree = "<group>"; };
		356245DB2AD76500005FB5C7 /* Always active Window - Always Visible.entitlements */ = {isa = PBXFileReference; lastKnownFileType = text.plist.entitlements; path = "Always active Window - Always Visible.entitlements"; sourceTree = "<group>"; };
		356245FB2AD76500005FB5C7 /* background.js */ = {isa = PBXFileReference; lastKnownFileType = sourcecode.javascript; name = background.js; path = ../../2/background.js; sourceTree = "<group>"; };
		356245FC2AD76500005FB5C7 /* META-INF */ = {isa = PBXFileReference; lastKnownFileType = folder; name = "META-INF"; path = "../../2/META-INF"; sourceTree = "<group>"; };
		356245FD2AD76500005FB5C7 /* manifest.json */ = {isa = PBXFileReference; lastKnownFileType = text.json; name = manifest.json; path = ../../2/manifest.json; sourceTree = "<group>"; };
		356245FE2AD76500005FB5C7 /* data */ = {isa = PBXFileReference; lastKnownFileType = folder; name = data; path = ../../2/data; sourceTree = "<group>"; };
/* End PBXFileReference section */

/* Begin PBXFrameworksBuildPhase section */
		356245A92AD76500005FB5C7 /* Frameworks */ = {
			isa = PBXFrameworksBuildPhase;
			buildActionMask = 2147483647;
			files = (
			);
			runOnlyForDeploymentPostprocessing = 0;
		};
		356245BB2AD76500005FB5C7 /* Frameworks */ = {
			isa = PBXFrameworksBuildPhase;
			buildActionMask = 2147483647;
			files = (
			);
			runOnlyForDeploymentPostprocessing = 0;
		};
		356245C82AD76500005FB5C7 /* Frameworks */ = {
			isa = PBXFrameworksBuildPhase;
			buildActionMask = 2147483647;
			files = (
			);
			runOnlyForDeploymentPostprocessing = 0;
		};
		356245D22AD76500005FB5C7 /* Frameworks */ = {
			isa = PBXFrameworksBuildPhase;
			buildActionMask = 2147483647;
			files = (
			);
			runOnlyForDeploymentPostprocessing = 0;
		};
/* End PBXFrameworksBuildPhase section */

/* Begin PBXGroup section */
		356245982AD764FF005FB5C7 = {
			isa = PBXGroup;
			children = (
				3562459D2AD764FF005FB5C7 /* Shared (App) */,
				356245A62AD76500005FB5C7 /* Shared (Extension) */,
				356245AE2AD76500005FB5C7 /* iOS (App) */,
				356245BF2AD76500005FB5C7 /* macOS (App) */,
				356245CF2AD76500005FB5C7 /* iOS (Extension) */,
				356245D92AD76500005FB5C7 /* macOS (Extension) */,
				356245AD2AD76500005FB5C7 /* Products */,
			);
			sourceTree = "<group>";
		};
		3562459D2AD764FF005FB5C7 /* Shared (App) */ = {
			isa = PBXGroup;
			children = (
				356245A42AD764FF005FB5C7 /* ViewController.swift */,
				356245A52AD76500005FB5C7 /* Assets.xcassets */,
				3562459E2AD764FF005FB5C7 /* Resources */,
			);
			path = "Shared (App)";
			sourceTree = "<group>";
		};
		3562459E2AD764FF005FB5C7 /* Resources */ = {
			isa = PBXGroup;
			children = (
				3562459F2AD764FF005FB5C7 /* Main.html */,
				356245A12AD764FF005FB5C7 /* Icon.png */,
				356245A22AD764FF005FB5C7 /* Style.css */,
				356245A32AD764FF005FB5C7 /* Script.js */,
			);
			path = Resources;
			sourceTree = "<group>";
		};
		356245A62AD76500005FB5C7 /* Shared (Extension) */ = {
			isa = PBXGroup;
			children = (
				356245FA2AD76500005FB5C7 /* Resources */,
				356245A72AD76500005FB5C7 /* SafariWebExtensionHandler.swift */,
			);
			path = "Shared (Extension)";
			sourceTree = "<group>";
		};
		356245AD2AD76500005FB5C7 /* Products */ = {
			isa = PBXGroup;
			children = (
				356245AC2AD76500005FB5C7 /* Always active Window - Always Visible.app */,
				356245BE2AD76500005FB5C7 /* Always active Window - Always Visible.app */,
				356245CB2AD76500005FB5C7 /* Always active Window - Always Visible Extension.appex */,
				356245D52AD76500005FB5C7 /* Always active Window - Always Visible Extension.appex */,
			);
			name = Products;
			sourceTree = "<group>";
		};
		356245AE2AD76500005FB5C7 /* iOS (App) */ = {
			isa = PBXGroup;
			children = (
				356245AF2AD76500005FB5C7 /* AppDelegate.swift */,
				356245B12AD76500005FB5C7 /* SceneDelegate.swift */,
				356245B32AD76500005FB5C7 /* LaunchScreen.storyboard */,
				356245B62AD76500005FB5C7 /* Main.storyboard */,
				356245B92AD76500005FB5C7 /* Info.plist */,
			);
			path = "iOS (App)";
			sourceTree = "<group>";
		};
		356245BF2AD76500005FB5C7 /* macOS (App) */ = {
			isa = PBXGroup;
			children = (
				356245C02AD76500005FB5C7 /* AppDelegate.swift */,
				356245C22AD76500005FB5C7 /* Main.storyboard */,
				356245C52AD76500005FB5C7 /* Info.plist */,
				356245C62AD76500005FB5C7 /* Always active Window - Always Visible.entitlements */,
			);
			path = "macOS (App)";
			sourceTree = "<group>";
		};
		356245CF2AD76500005FB5C7 /* iOS (Extension) */ = {
			isa = PBXGroup;
			children = (
				356245D02AD76500005FB5C7 /* Info.plist */,
			);
			path = "iOS (Extension)";
			sourceTree = "<group>";
		};
		356245D92AD76500005FB5C7 /* macOS (Extension) */ = {
			isa = PBXGroup;
			children = (
				356245DA2AD76500005FB5C7 /* Info.plist */,
				356245DB2AD76500005FB5C7 /* Always active Window - Always Visible.entitlements */,
			);
			path = "macOS (Extension)";
			sourceTree = "<group>";
		};
		356245FA2AD76500005FB5C7 /* Resources */ = {
			isa = PBXGroup;
			children = (
				356245FB2AD76500005FB5C7 /* background.js */,
				356245FC2AD76500005FB5C7 /* META-INF */,
				356245FD2AD76500005FB5C7 /* manifest.json */,
				356245FE2AD76500005FB5C7 /* data */,
			);
			name = Resources;
			path = "Shared (Extension)";
			sourceTree = SOURCE_ROOT;
		};
/* End PBXGroup section */

/* Begin PBXNativeTarget section */
		356245AB2AD76500005FB5C7 /* Always active Window - Always Visible (iOS) */ = {
			isa = PBXNativeTarget;
			buildConfigurationList = 356245F02AD76500005FB5C7 /* Build configuration list for PBXNativeTarget "Always active Window - Always Visible (iOS)" */;
			buildPhases = (
				356245A82AD76500005FB5C7 /* Sources */,
				356245A92AD76500005FB5C7 /* Frameworks */,
				356245AA2AD76500005FB5C7 /* Resources */,
				356245EF2AD76500005FB5C7 /* Embed Foundation Extensions */,
			);
			buildRules = (
			);
			dependencies = (
				356245CE2AD76500005FB5C7 /* PBXTargetDependency */,
			);
			name = "Always active Window - Always Visible (iOS)";
			productName = "Always active Window - Always Visible (iOS)";
			productReference = 356245AC2AD76500005FB5C7 /* Always active Window - Always Visible.app */;
			productType = "com.apple.product-type.application";
		};
		356245BD2AD76500005FB5C7 /* Always active Window - Always Visible (macOS) */ = {
			isa = PBXNativeTarget;
			buildConfigurationList = 356245F72AD76500005FB5C7 /* Build configuration list for PBXNativeTarget "Always active Window - Always Visible (macOS)" */;
			buildPhases = (
				356245BA2AD76500005FB5C7 /* Sources */,
				356245BB2AD76500005FB5C7 /* Frameworks */,
				356245BC2AD76500005FB5C7 /* Resources */,
				356245F62AD76500005FB5C7 /* Embed Foundation Extensions */,
			);
			buildRules = (
			);
			dependencies = (
				356245D82AD76500005FB5C7 /* PBXTargetDependency */,
			);
			name = "Always active Window - Always Visible (macOS)";
			productName = "Always active Window - Always Visible (macOS)";
			productReference = 356245BE2AD76500005FB5C7 /* Always active Window - Always Visible.app */;
			productType = "com.apple.product-type.application";
		};
		356245CA2AD76500005FB5C7 /* Always active Window - Always Visible Extension (iOS) */ = {
			isa = PBXNativeTarget;
			buildConfigurationList = 356245EC2AD76500005FB5C7 /* Build configuration list for PBXNativeTarget "Always active Window - Always Visible Extension (iOS)" */;
			buildPhases = (
				356245C72AD76500005FB5C7 /* Sources */,
				356245C82AD76500005FB5C7 /* Frameworks */,
				356245C92AD76500005FB5C7 /* Resources */,
			);
			buildRules = (
			);
			dependencies = (
			);
			name = "Always active Window - Always Visible Extension (iOS)";
			productName = "Always active Window - Always Visible Extension (iOS)";
			productReference = 356245CB2AD76500005FB5C7 /* Always active Window - Always Visible Extension.appex */;
			productType = "com.apple.product-type.app-extension";
		};
		356245D42AD76500005FB5C7 /* Always active Window - Always Visible Extension (macOS) */ = {
			isa = PBXNativeTarget;
			buildConfigurationList = 356245F32AD76500005FB5C7 /* Build configuration list for PBXNativeTarget "Always active Window - Always Visible Extension (macOS)" */;
			buildPhases = (
				356245D12AD76500005FB5C7 /* Sources */,
				356245D22AD76500005FB5C7 /* Frameworks */,
				356245D32AD76500005FB5C7 /* Resources */,
			);
			buildRules = (
			);
			dependencies = (
			);
			name = "Always active Window - Always Visible Extension (macOS)";
			productName = "Always active Window - Always Visible Extension (macOS)";
			productReference = 356245D52AD76500005FB5C7 /* Always active Window - Always Visible Extension.appex */;
			productType = "com.apple.product-type.app-extension";
		};
/* End PBXNativeTarget section */

/* Begin PBXProject section */
		356245992AD764FF005FB5C7 /* Project object */ = {
			isa = PBXProject;
			attributes = {
				BuildIndependentTargetsInParallel = 1;
				LastSwiftUpdateCheck = 1500;
				LastUpgradeCheck = 1500;
				TargetAttributes = {
					356245AB2AD76500005FB5C7 = {
						CreatedOnToolsVersion = 15.0;
					};
					356245BD2AD76500005FB5C7 = {
						CreatedOnToolsVersion = 15.0;
					};
					356245CA2AD76500005FB5C7 = {
						CreatedOnToolsVersion = 15.0;
					};
					356245D42AD76500005FB5C7 = {
						CreatedOnToolsVersion = 15.0;
					};
				};
			};
			buildConfigurationList = 3562459C2AD764FF005FB5C7 /* Build configuration list for PBXProject "Always active Window - Always Visible" */;
			compatibilityVersion = "Xcode 14.0";
			developmentRegion = en;
			hasScannedForEncodings = 0;
			knownRegions = (
				en,
				Base,
			);
			mainGroup = 356245982AD764FF005FB5C7;
			productRefGroup = 356245AD2AD76500005FB5C7 /* Products */;
			projectDirPath = "";
			projectRoot = "";
			targets = (
				356245AB2AD76500005FB5C7 /* Always active Window - Always Visible (iOS) */,
				356245BD2AD76500005FB5C7 /* Always active Window - Always Visible (macOS) */,
				356245CA2AD76500005FB5C7 /* Always active Window - Always Visible Extension (iOS) */,
				356245D42AD76500005FB5C7 /* Always active Window - Always Visible Extension (macOS) */,
			);
		};
/* End PBXProject section */

/* Begin PBXResourcesBuildPhase section */
		356245AA2AD76500005FB5C7 /* Resources */ = {
			isa = PBXResourcesBuildPhase;
			buildActionMask = 2147483647;
			files = (
				356245DE2AD76500005FB5C7 /* Icon.png in Resources */,
				356245B52AD76500005FB5C7 /* LaunchScreen.storyboard in Resources */,
				356245DC2AD76500005FB5C7 /* Main.html in Resources */,
				356245E22AD76500005FB5C7 /* Script.js in Resources */,
				356245E62AD76500005FB5C7 /* Assets.xcassets in Resources */,
				356245B82AD76500005FB5C7 /* Main.storyboard in Resources */,
				356245E02AD76500005FB5C7 /* Style.css in Resources */,
			);
			runOnlyForDeploymentPostprocessing = 0;
		};
		356245BC2AD76500005FB5C7 /* Resources */ = {
			isa = PBXResourcesBuildPhase;
			buildActionMask = 2147483647;
			files = (
				356245DF2AD76500005FB5C7 /* Icon.png in Resources */,
				356245E12AD76500005FB5C7 /* Style.css in Resources */,
				356245C42AD76500005FB5C7 /* Main.storyboard in Resources */,
				356245E32AD76500005FB5C7 /* Script.js in Resources */,
				356245E72AD76500005FB5C7 /* Assets.xcassets in Resources */,
				356245DD2AD76500005FB5C7 /* Main.html in Resources */,
			);
			runOnlyForDeploymentPostprocessing = 0;
		};
		356245C92AD76500005FB5C7 /* Resources */ = {
			isa = PBXResourcesBuildPhase;
			buildActionMask = 2147483647;
			files = (
				356246032AD76500005FB5C7 /* background.js in Resources */,
				356246052AD76500005FB5C7 /* manifest.json in Resources */,
				356246062AD76500005FB5C7 /* data in Resources */,
				356246042AD76500005FB5C7 /* META-INF in Resources */,
			);
			runOnlyForDeploymentPostprocessing = 0;
		};
		356245D32AD76500005FB5C7 /* Resources */ = {
			isa = PBXResourcesBuildPhase;
			buildActionMask = 2147483647;
			files = (
				356245FF2AD76500005FB5C7 /* background.js in Resources */,
				356246012AD76500005FB5C7 /* manifest.json in Resources */,
				356246022AD76500005FB5C7 /* data in Resources */,
				356246002AD76500005FB5C7 /* META-INF in Resources */,
			);
			runOnlyForDeploymentPostprocessing = 0;
		};
/* End PBXResourcesBuildPhase section */

/* Begin PBXSourcesBuildPhase section */
		356245A82AD76500005FB5C7 /* Sources */ = {
			isa = PBXSourcesBuildPhase;
			buildActionMask = 2147483647;
			files = (
				356245E42AD76500005FB5C7 /* ViewController.swift in Sources */,
				356245B02AD76500005FB5C7 /* AppDelegate.swift in Sources */,
				356245B22AD76500005FB5C7 /* SceneDelegate.swift in Sources */,
			);
			runOnlyForDeploymentPostprocessing = 0;
		};
		356245BA2AD76500005FB5C7 /* Sources */ = {
			isa = PBXSourcesBuildPhase;
			buildActionMask = 2147483647;
			files = (
				356245E52AD76500005FB5C7 /* ViewController.swift in Sources */,
				356245C12AD76500005FB5C7 /* AppDelegate.swift in Sources */,
			);
			runOnlyForDeploymentPostprocessing = 0;
		};
		356245C72AD76500005FB5C7 /* Sources */ = {
			isa = PBXSourcesBuildPhase;
			buildActionMask = 2147483647;
			files = (
				356245E82AD76500005FB5C7 /* SafariWebExtensionHandler.swift in Sources */,
			);
			runOnlyForDeploymentPostprocessing = 0;
		};
		356245D12AD76500005FB5C7 /* Sources */ = {
			isa = PBXSourcesBuildPhase;
			buildActionMask = 2147483647;
			files = (
				356245E92AD76500005FB5C7 /* SafariWebExtensionHandler.swift in Sources */,
			);
			runOnlyForDeploymentPostprocessing = 0;
		};
/* End PBXSourcesBuildPhase section */

/* Begin PBXTargetDependency section */
		356245CE2AD76500005FB5C7 /* PBXTargetDependency */ = {
			isa = PBXTargetDependency;
			target = 356245CA2AD76500005FB5C7 /* Always active Window - Always Visible Extension (iOS) */;
			targetProxy = 356245CD2AD76500005FB5C7 /* PBXContainerItemProxy */;
		};
		356245D82AD76500005FB5C7 /* PBXTargetDependency */ = {
			isa = PBXTargetDependency;
			target = 356245D42AD76500005FB5C7 /* Always active Window - Always Visible Extension (macOS) */;
			targetProxy = 356245D72AD76500005FB5C7 /* PBXContainerItemProxy */;
		};
/* End PBXTargetDependency section */

/* Begin PBXVariantGroup section */
		3562459F2AD764FF005FB5C7 /* Main.html */ = {
			isa = PBXVariantGroup;
			children = (
				356245A02AD764FF005FB5C7 /* Base */,
			);
			name = Main.html;
			sourceTree = "<group>";
		};
		356245B32AD76500005FB5C7 /* LaunchScreen.storyboard */ = {
			isa = PBXVariantGroup;
			children = (
				356245B42AD76500005FB5C7 /* Base */,
			);
			name = LaunchScreen.storyboard;
			sourceTree = "<group>";
		};
		356245B62AD76500005FB5C7 /* Main.storyboard */ = {
			isa = PBXVariantGroup;
			children = (
				356245B72AD76500005FB5C7 /* Base */,
			);
			name = Main.storyboard;
			sourceTree = "<group>";
		};
		356245C22AD76500005FB5C7 /* Main.storyboard */ = {
			isa = PBXVariantGroup;
			children = (
				356245C32AD76500005FB5C7 /* Base */,
			);
			name = Main.storyboard;
			sourceTree = "<group>";
		};
/* End PBXVariantGroup section */

/* Begin XCBuildConfiguration section */
		356245EA2AD76500005FB5C7 /* Debug */ = {
			isa = XCBuildConfiguration;
			buildSettings = {
				ALWAYS_SEARCH_USER_PATHS = NO;
				ASSETCATALOG_COMPILER_GENERATE_SWIFT_ASSET_SYMBOL_EXTENSIONS = YES;
				CLANG_ANALYZER_NONNULL = YES;
				CLANG_ANALYZER_NUMBER_OBJECT_CONVERSION = YES_AGGRESSIVE;
				CLANG_CXX_LANGUAGE_STANDARD = "gnu++20";
				CLANG_ENABLE_MODULES = YES;
				CLANG_ENABLE_OBJC_ARC = YES;
				CLANG_ENABLE_OBJC_WEAK = YES;
				CLANG_WARN_BLOCK_CAPTURE_AUTORELEASING = YES;
				CLANG_WARN_BOOL_CONVERSION = YES;
				CLANG_WARN_COMMA = YES;
				CLANG_WARN_CONSTANT_CONVERSION = YES;
				CLANG_WARN_DEPRECATED_OBJC_IMPLEMENTATIONS = YES;
				CLANG_WARN_DIRECT_OBJC_ISA_USAGE = YES_ERROR;
				CLANG_WARN_DOCUMENTATION_COMMENTS = YES;
				CLANG_WARN_EMPTY_BODY = YES;
				CLANG_WARN_ENUM_CONVERSION = YES;
				CLANG_WARN_INFINITE_RECURSION = YES;
				CLANG_WARN_INT_CONVERSION = YES;
				CLANG_WARN_NON_LITERAL_NULL_CONVERSION = YES;
				CLANG_WARN_OBJC_IMPLICIT_RETAIN_SELF = YES;
				CLANG_WARN_OBJC_LITERAL_CONVERSION = YES;
				CLANG_WARN_OBJC_ROOT_CLASS = YES_ERROR;
				CLANG_WARN_QUOTED_INCLUDE_IN_FRAMEWORK_HEADER = YES;
				CLANG_WARN_RANGE_LOOP_ANALYSIS = YES;
				CLANG_WARN_STRICT_PROTOTYPES = YES;
				CLANG_WARN_SUSPICIOUS_MOVE = YES;
				CLANG_WARN_UNGUARDED_AVAILABILITY = YES_AGGRESSIVE;
				CLANG_WARN_UNREACHABLE_CODE = YES;
				CLANG_WARN__DUPLICATE_METHOD_MATCH = YES;
				COPY_PHASE_STRIP = NO;
				DEBUG_INFORMATION_FORMAT = dwarf;
				ENABLE_STRICT_OBJC_MSGSEND = YES;
				ENABLE_TESTABILITY = YES;
				ENABLE_USER_SCRIPT_SANDBOXING = YES;
				GCC_C_LANGUAGE_STANDARD = gnu17;
				GCC_DYNAMIC_NO_PIC = NO;
				GCC_NO_COMMON_BLOCKS = YES;
				GCC_OPTIMIZATION_LEVEL = 0;
				GCC_PREPROCESSOR_DEFINITIONS = (
					"DEBUG=1",
					"$(inherited)",
				);
				GCC_WARN_64_TO_32_BIT_CONVERSION = YES;
				GCC_WARN_ABOUT_RETURN_TYPE = YES_ERROR;
				GCC_WARN_UNDECLARED_SELECTOR = YES;
				GCC_WARN_UNINITIALIZED_AUTOS = YES_AGGRESSIVE;
				GCC_WARN_UNUSED_FUNCTION = YES;
				GCC_WARN_UNUSED_VARIABLE = YES;
				LOCALIZATION_PREFERS_STRING_CATALOGS = YES;
				MTL_ENABLE_DEBUG_INFO = INCLUDE_SOURCE;
				MTL_FAST_MATH = YES;
				ONLY_ACTIVE_ARCH = YES;
				SWIFT_ACTIVE_COMPILATION_CONDITIONS = "DEBUG $(inherited)";
				SWIFT_OPTIMIZATION_LEVEL = "-Onone";
			};
			name = Debug;
		};
		356245EB2AD76500005FB5C7 /* Release */ = {
			isa = XCBuildConfiguration;
			buildSettings = {
				ALWAYS_SEARCH_USER_PATHS = NO;
				ASSETCATALOG_COMPILER_GENERATE_SWIFT_ASSET_SYMBOL_EXTENSIONS = YES;
				CLANG_ANALYZER_NONNULL = YES;
				CLANG_ANALYZER_NUMBER_OBJECT_CONVERSION = YES_AGGRESSIVE;
				CLANG_CXX_LANGUAGE_STANDARD = "gnu++20";
				CLANG_ENABLE_MODULES = YES;
				CLANG_ENABLE_OBJC_ARC = YES;
				CLANG_ENABLE_OBJC_WEAK = YES;
				CLANG_WARN_BLOCK_CAPTURE_AUTORELEASING = YES;
				CLANG_WARN_BOOL_CONVERSION = YES;
				CLANG_WARN_COMMA = YES;
				CLANG_WARN_CONSTANT_CONVERSION = YES;
				CLANG_WARN_DEPRECATED_OBJC_IMPLEMENTATIONS = YES;
				CLANG_WARN_DIRECT_OBJC_ISA_USAGE = YES_ERROR;
				CLANG_WARN_DOCUMENTATION_COMMENTS = YES;
				CLANG_WARN_EMPTY_BODY = YES;
				CLANG_WARN_ENUM_CONVERSION = YES;
				CLANG_WARN_INFINITE_RECURSION = YES;
				CLANG_WARN_INT_CONVERSION = YES;
				CLANG_WARN_NON_LITERAL_NULL_CONVERSION = YES;
				CLANG_WARN_OBJC_IMPLICIT_RETAIN_SELF = YES;
				CLANG_WARN_OBJC_LITERAL_CONVERSION = YES;
				CLANG_WARN_OBJC_ROOT_CLASS = YES_ERROR;
				CLANG_WARN_QUOTED_INCLUDE_IN_FRAMEWORK_HEADER = YES;
				CLANG_WARN_RANGE_LOOP_ANALYSIS = YES;
				CLANG_WARN_STRICT_PROTOTYPES = YES;
				CLANG_WARN_SUSPICIOUS_MOVE = YES;
				CLANG_WARN_UNGUARDED_AVAILABILITY = YES_AGGRESSIVE;
				CLANG_WARN_UNREACHABLE_CODE = YES;
				CLANG_WARN__DUPLICATE_METHOD_MATCH = YES;
				COPY_PHASE_STRIP = NO;
				DEBUG_INFORMATION_FORMAT = "dwarf-with-dsym";
				ENABLE_NS_ASSERTIONS = NO;
				ENABLE_STRICT_OBJC_MSGSEND = YES;
				ENABLE_USER_SCRIPT_SANDBOXING = YES;
				GCC_C_LANGUAGE_STANDARD = gnu17;
				GCC_NO_COMMON_BLOCKS = YES;
				GCC_WARN_64_TO_32_BIT_CONVERSION = YES;
				GCC_WARN_ABOUT_RETURN_TYPE = YES_ERROR;
				GCC_WARN_UNDECLARED_SELECTOR = YES;
				GCC_WARN_UNINITIALIZED_AUTOS = YES_AGGRESSIVE;
				GCC_WARN_UNUSED_FUNCTION = YES;
				GCC_WARN_UNUSED_VARIABLE = YES;
				LOCALIZATION_PREFERS_STRING_CATALOGS = YES;
				MTL_ENABLE_DEBUG_INFO = NO;
				MTL_FAST_MATH = YES;
				SWIFT_COMPILATION_MODE = wholemodule;
			};
			name = Release;
		};
		356245ED2AD76500005FB5C7 /* Debug */ = {
			isa = XCBuildConfiguration;
			buildSettings = {
				CODE_SIGN_STYLE = Automatic;
				CURRENT_PROJECT_VERSION = 1;
				DEVELOPMENT_TEAM = R9Q98NC983;
				GENERATE_INFOPLIST_FILE = YES;
				INFOPLIST_FILE = "iOS (Extension)/Info.plist";
				INFOPLIST_KEY_CFBundleDisplayName = "Always active Window - Always Visible Extension";
				INFOPLIST_KEY_NSHumanReadableCopyright = "";
				IPHONEOS_DEPLOYMENT_TARGET = 15.0;
				LD_RUNPATH_SEARCH_PATHS = (
					"$(inherited)",
					"@executable_path/Frameworks",
					"@executable_path/../../Frameworks",
				);
				MARKETING_VERSION = 1.0;
				OTHER_LDFLAGS = (
					"-framework",
					SafariServices,
				);
				PRODUCT_BUNDLE_IDENTIFIER = "com.add0n.Always-active-Window---Always-Visible.Extension";
				PRODUCT_NAME = "Always active Window - Always Visible Extension";
				SDKROOT = iphoneos;
				SKIP_INSTALL = YES;
				SWIFT_EMIT_LOC_STRINGS = YES;
				SWIFT_VERSION = 5.0;
				TARGETED_DEVICE_FAMILY = "1,2";
			};
			name = Debug;
		};
		356245EE2AD76500005FB5C7 /* Release */ = {
			isa = XCBuildConfiguration;
			buildSettings = {
				CODE_SIGN_STYLE = Automatic;
				CURRENT_PROJECT_VERSION = 1;
				DEVELOPMENT_TEAM = R9Q98NC983;
				GENERATE_INFOPLIST_FILE = YES;
				INFOPLIST_FILE = "iOS (Extension)/Info.plist";
				INFOPLIST_KEY_CFBundleDisplayName = "Always active Window - Always Visible Extension";
				INFOPLIST_KEY_NSHumanReadableCopyright = "";
				IPHONEOS_DEPLOYMENT_TARGET = 15.0;
				LD_RUNPATH_SEARCH_PATHS = (
					"$(inherited)",
					"@executable_path/Frameworks",
					"@executable_path/../../Frameworks",
				);
				MARKETING_VERSION = 1.0;
				OTHER_LDFLAGS = (
					"-framework",
					SafariServices,
				);
				PRODUCT_BUNDLE_IDENTIFIER = "com.add0n.Always-active-Window---Always-Visible.Extension";
				PRODUCT_NAME = "Always active Window - Always Visible Extension";
				SDKROOT = iphoneos;
				SKIP_INSTALL = YES;
				SWIFT_EMIT_LOC_STRINGS = YES;
				SWIFT_VERSION = 5.0;
				TARGETED_DEVICE_FAMILY = "1,2";
				VALIDATE_PRODUCT = YES;
			};
			name = Release;
		};
		356245F12AD76500005FB5C7 /* Debug */ = {
			isa = XCBuildConfiguration;
			buildSettings = {
				ALWAYS_EMBED_SWIFT_STANDARD_LIBRARIES = YES;
				ASSETCATALOG_COMPILER_APPICON_NAME = AppIcon;
				ASSETCATALOG_COMPILER_GLOBAL_ACCENT_COLOR_NAME = AccentColor;
				CODE_SIGN_STYLE = Automatic;
				CURRENT_PROJECT_VERSION = 1;
				DEVELOPMENT_TEAM = R9Q98NC983;
				GENERATE_INFOPLIST_FILE = YES;
				INFOPLIST_FILE = "iOS (App)/Info.plist";
				INFOPLIST_KEY_CFBundleDisplayName = "Always active Window - Always Visible";
				INFOPLIST_KEY_UIApplicationSupportsIndirectInputEvents = YES;
				INFOPLIST_KEY_UILaunchStoryboardName = LaunchScreen;
				INFOPLIST_KEY_UIMainStoryboardFile = Main;
				INFOPLIST_KEY_UISupportedInterfaceOrientations = "UIInterfaceOrientationPortrait UIInterfaceOrientationLandscapeLeft UIInterfaceOrientationLandscapeRight";
				INFOPLIST_KEY_UISupportedInterfaceOrientations_iPad = "UIInterfaceOrientationPortrait UIInterfaceOrientationPortraitUpsideDown UIInterfaceOrientationLandscapeLeft UIInterfaceOrientationLandscapeRight";
				IPHONEOS_DEPLOYMENT_TARGET = 15.0;
				LD_RUNPATH_SEARCH_PATHS = (
					"$(inherited)",
					"@executable_path/Frameworks",
				);
				MARKETING_VERSION = 1.0;
				OTHER_LDFLAGS = (
					"-framework",
					SafariServices,
					"-framework",
					WebKit,
				);
				PRODUCT_BUNDLE_IDENTIFIER = "com.add0n.Always-active-Window---Always-Visible";
				PRODUCT_NAME = "Always active Window - Always Visible";
				SDKROOT = iphoneos;
				SWIFT_EMIT_LOC_STRINGS = YES;
				SWIFT_VERSION = 5.0;
				TARGETED_DEVICE_FAMILY = "1,2";
			};
			name = Debug;
		};
		356245F22AD76500005FB5C7 /* Release */ = {
			isa = XCBuildConfiguration;
			buildSettings = {
				ALWAYS_EMBED_SWIFT_STANDARD_LIBRARIES = YES;
				ASSETCATALOG_COMPILER_APPICON_NAME = AppIcon;
				ASSETCATALOG_COMPILER_GLOBAL_ACCENT_COLOR_NAME = AccentColor;
				CODE_SIGN_STYLE = Automatic;
				CURRENT_PROJECT_VERSION = 1;
				DEVELOPMENT_TEAM = R9Q98NC983;
				GENERATE_INFOPLIST_FILE = YES;
				INFOPLIST_FILE = "iOS (App)/Info.plist";
				INFOPLIST_KEY_CFBundleDisplayName = "Always active Window - Always Visible";
				INFOPLIST_KEY_UIApplicationSupportsIndirectInputEvents = YES;
				INFOPLIST_KEY_UILaunchStoryboardName = LaunchScreen;
				INFOPLIST_KEY_UIMainStoryboardFile = Main;
				INFOPLIST_KEY_UISupportedInterfaceOrientations = "UIInterfaceOrientationPortrait UIInterfaceOrientationLandscapeLeft UIInterfaceOrientationLandscapeRight";
				INFOPLIST_KEY_UISupportedInterfaceOrientations_iPad = "UIInterfaceOrientationPortrait UIInterfaceOrientationPortraitUpsideDown UIInterfaceOrientationLandscapeLeft UIInterfaceOrientationLandscapeRight";
				IPHONEOS_DEPLOYMENT_TARGET = 15.0;
				LD_RUNPATH_SEARCH_PATHS = (
					"$(inherited)",
					"@executable_path/Frameworks",
				);
				MARKETING_VERSION = 1.0;
				OTHER_LDFLAGS = (
					"-framework",
					SafariServices,
					"-framework",
					WebKit,
				);
				PRODUCT_BUNDLE_IDENTIFIER = "com.add0n.Always-active-Window---Always-Visible";
				PRODUCT_NAME = "Always active Window - Always Visible";
				SDKROOT = iphoneos;
				SWIFT_EMIT_LOC_STRINGS = YES;
				SWIFT_VERSION = 5.0;
				TARGETED_DEVICE_FAMILY = "1,2";
				VALIDATE_PRODUCT = YES;
			};
			name = Release;
		};
		356245F42AD76500005FB5C7 /* Debug */ = {
			isa = XCBuildConfiguration;
			buildSettings = {
				CODE_SIGN_ENTITLEMENTS = "macOS (Extension)/Always active Window - Always Visible.entitlements";
				CODE_SIGN_STYLE = Automatic;
				CURRENT_PROJECT_VERSION = 1;
				ENABLE_HARDENED_RUNTIME = YES;
				GENERATE_INFOPLIST_FILE = YES;
				INFOPLIST_FILE = "macOS (Extension)/Info.plist";
				INFOPLIST_KEY_CFBundleDisplayName = "Always active Window - Always Visible Extension";
				INFOPLIST_KEY_NSHumanReadableCopyright = "";
				LD_RUNPATH_SEARCH_PATHS = (
					"$(inherited)",
					"@executable_path/../Frameworks",
					"@executable_path/../../../../Frameworks",
				);
				MACOSX_DEPLOYMENT_TARGET = 10.14;
				MARKETING_VERSION = 1.0;
				OTHER_LDFLAGS = (
					"-framework",
					SafariServices,
				);
				PRODUCT_BUNDLE_IDENTIFIER = "com.add0n.Always-active-Window---Always-Visible.Extension";
				PRODUCT_NAME = "Always active Window - Always Visible Extension";
				SDKROOT = macosx;
				SKIP_INSTALL = YES;
				SWIFT_EMIT_LOC_STRINGS = YES;
				SWIFT_VERSION = 5.0;
			};
			name = Debug;
		};
		356245F52AD76500005FB5C7 /* Release */ = {
			isa = XCBuildConfiguration;
			buildSettings = {
				CODE_SIGN_ENTITLEMENTS = "macOS (Extension)/Always active Window - Always Visible.entitlements";
				CODE_SIGN_STYLE = Automatic;
				CURRENT_PROJECT_VERSION = 1;
				ENABLE_HARDENED_RUNTIME = YES;
				GENERATE_INFOPLIST_FILE = YES;
				INFOPLIST_FILE = "macOS (Extension)/Info.plist";
				INFOPLIST_KEY_CFBundleDisplayName = "Always active Window - Always Visible Extension";
				INFOPLIST_KEY_NSHumanReadableCopyright = "";
				LD_RUNPATH_SEARCH_PATHS = (
					"$(inherited)",
					"@executable_path/../Frameworks",
					"@executable_path/../../../../Frameworks",
				);
				MACOSX_DEPLOYMENT_TARGET = 10.14;
				MARKETING_VERSION = 1.0;
				OTHER_LDFLAGS = (
					"-framework",
					SafariServices,
				);
				PRODUCT_BUNDLE_IDENTIFIER = "com.add0n.Always-active-Window---Always-Visible.Extension";
				PRODUCT_NAME = "Always active Window - Always Visible Extension";
				SDKROOT = macosx;
				SKIP_INSTALL = YES;
				SWIFT_EMIT_LOC_STRINGS = YES;
				SWIFT_VERSION = 5.0;
			};
			name = Release;
		};
		356245F82AD76500005FB5C7 /* Debug */ = {
			isa = XCBuildConfiguration;
			buildSettings = {
				ALWAYS_EMBED_SWIFT_STANDARD_LIBRARIES = YES;
				ASSETCATALOG_COMPILER_APPICON_NAME = AppIcon;
				ASSETCATALOG_COMPILER_GLOBAL_ACCENT_COLOR_NAME = AccentColor;
				CODE_SIGN_ENTITLEMENTS = "macOS (App)/Always active Window - Always Visible.entitlements";
				CODE_SIGN_STYLE = Automatic;
				CURRENT_PROJECT_VERSION = 1;
				ENABLE_HARDENED_RUNTIME = YES;
				GENERATE_INFOPLIST_FILE = YES;
				INFOPLIST_FILE = "macOS (App)/Info.plist";
				INFOPLIST_KEY_CFBundleDisplayName = "Always active Window - Always Visible";
				INFOPLIST_KEY_NSMainStoryboardFile = Main;
				INFOPLIST_KEY_NSPrincipalClass = NSApplication;
				LD_RUNPATH_SEARCH_PATHS = (
					"$(inherited)",
					"@executable_path/../Frameworks",
				);
				MACOSX_DEPLOYMENT_TARGET = 10.14;
				MARKETING_VERSION = 1.0;
				OTHER_LDFLAGS = (
					"-framework",
					SafariServices,
					"-framework",
					WebKit,
				);
				PRODUCT_BUNDLE_IDENTIFIER = "com.add0n.Always-active-Window---Always-Visible";
				PRODUCT_NAME = "Always active Window - Always Visible";
				SDKROOT = macosx;
				SWIFT_EMIT_LOC_STRINGS = YES;
				SWIFT_VERSION = 5.0;
			};
			name = Debug;
		};
		356245F92AD76500005FB5C7 /* Release */ = {
			isa = XCBuildConfiguration;
			buildSettings = {
				ALWAYS_EMBED_SWIFT_STANDARD_LIBRARIES = YES;
				ASSETCATALOG_COMPILER_APPICON_NAME = AppIcon;
				ASSETCATALOG_COMPILER_GLOBAL_ACCENT_COLOR_NAME = AccentColor;
				CODE_SIGN_ENTITLEMENTS = "macOS (App)/Always active Window - Always Visible.entitlements";
				CODE_SIGN_STYLE = Automatic;
				CURRENT_PROJECT_VERSION = 1;
				ENABLE_HARDENED_RUNTIME = YES;
				GENERATE_INFOPLIST_FILE = YES;
				INFOPLIST_FILE = "macOS (App)/Info.plist";
				INFOPLIST_KEY_CFBundleDisplayName = "Always active Window - Always Visible";
				INFOPLIST_KEY_NSMainStoryboardFile = Main;
				INFOPLIST_KEY_NSPrincipalClass = NSApplication;
				LD_RUNPATH_SEARCH_PATHS = (
					"$(inherited)",
					"@executable_path/../Frameworks",
				);
				MACOSX_DEPLOYMENT_TARGET = 10.14;
				MARKETING_VERSION = 1.0;
				OTHER_LDFLAGS = (
					"-framework",
					SafariServices,
					"-framework",
					WebKit,
				);
				PRODUCT_BUNDLE_IDENTIFIER = "com.add0n.Always-active-Window---Always-Visible";
				PRODUCT_NAME = "Always active Window - Always Visible";
				SDKROOT = macosx;
				SWIFT_EMIT_LOC_STRINGS = YES;
				SWIFT_VERSION = 5.0;
			};
			name = Release;
		};
/* End XCBuildConfiguration section */

/* Begin XCConfigurationList section */
		3562459C2AD764FF005FB5C7 /* Build configuration list for PBXProject "Always active Window - Always Visible" */ = {
			isa = XCConfigurationList;
			buildConfigurations = (
				356245EA2AD76500005FB5C7 /* Debug */,
				356245EB2AD76500005FB5C7 /* Release */,
			);
			defaultConfigurationIsVisible = 0;
			defaultConfigurationName = Release;
		};
		356245EC2AD76500005FB5C7 /* Build configuration list for PBXNativeTarget "Always active Window - Always Visible Extension (iOS)" */ = {
			isa = XCConfigurationList;
			buildConfigurations = (
				356245ED2AD76500005FB5C7 /* Debug */,
				356245EE2AD76500005FB5C7 /* Release */,
			);
			defaultConfigurationIsVisible = 0;
			defaultConfigurationName = Release;
		};
		356245F02AD76500005FB5C7 /* Build configuration list for PBXNativeTarget "Always active Window - Always Visible (iOS)" */ = {
			isa = XCConfigurationList;
			buildConfigurations = (
				356245F12AD76500005FB5C7 /* Debug */,
				356245F22AD76500005FB5C7 /* Release */,
			);
			defaultConfigurationIsVisible = 0;
			defaultConfigurationName = Release;
		};
		356245F32AD76500005FB5C7 /* Build configuration list for PBXNativeTarget "Always active Window - Always Visible Extension (macOS)" */ = {
			isa = XCConfigurationList;
			buildConfigurations = (
				356245F42AD76500005FB5C7 /* Debug */,
				356245F52AD76500005FB5C7 /* Release */,
			);
			defaultConfigurationIsVisible = 0;
			defaultConfigurationName = Release;
		};
		356245F72AD76500005FB5C7 /* Build configuration list for PBXNativeTarget "Always active Window - Always Visible (macOS)" */ = {
			isa = XCConfigurationList;
			buildConfigurations = (
				356245F82AD76500005FB5C7 /* Debug */,
				356245F92AD76500005FB5C7 /* Release */,
			);
			defaultConfigurationIsVisible = 0;
			defaultConfigurationName = Release;
		};
/* End XCConfigurationList section */
	};
	rootObject = 356245992AD764FF005FB5C7 /* Project object */;
}
